
Microsoft Visual Studio Solution File, Format Version 12.00
# Visual Studio Version 16
VisualStudioVersion = 16.0.31129.286
MinimumVisualStudioVersion = 10.0.40219.1
Project("{2150E333-8FDC-42A3-9474-1A3956D46DE8}") = "src", "src", "{1D71C1C9-7E28-4089-90C0-FAC6D6FD1AEA}"
EndProject
Project("{2150E333-8FDC-42A3-9474-1A3956D46DE8}") = "tests", "tests", "{FED0D5AA-342A-4669-9BD9-1F22F78C7B1D}"
EndProject
Project("{9A19103F-16F7-4668-BE54-9A1E7A4F7556}") = "ClockManager.UnitTests", "tests\ClockManager.UnitTests\ClockManager.UnitTests.csproj", "{D5CDA87E-7DE3-4487-A849-8929C155576E}"
EndProject
Project("{9A19103F-16F7-4668-BE54-9A1E7A4F7556}") = "ClockManager", "src\ClockManager\ClockManager.csproj", "{114C5F51-2810-4EB6-8148-1ACC97E594BF}"
EndProject
Global
	GlobalSection(SolutionConfigurationPlatforms) = preSolution
		Debug|Any CPU = Debug|Any CPU
		Release|Any CPU = Release|Any CPU
	EndGlobalSection
	GlobalSection(ProjectConfigurationPlatforms) = postSolution
		{D5CDA87E-7DE3-4487-A849-8929C155576E}.Debug|Any CPU.ActiveCfg = Debug|Any CPU
		{D5CDA87E-7DE3-4487-A849-8929C155576E}.Debug|Any CPU.Build.0 = Debug|Any CPU
		{D5CDA87E-7DE3-4487-A849-8929C155576E}.Release|Any CPU.ActiveCfg = Release|Any CPU
		{D5CDA87E-7DE3-4487-A849-8929C155576E}.Release|Any CPU.Build.0 = Release|Any CPU
		{114C5F51-2810-4EB6-8148-1ACC97E594BF}.Debug|Any CPU.ActiveCfg = Debug|Any CPU
		{114C5F51-2810-4EB6-8148-1ACC97E594BF}.Debug|Any CPU.Build.0 = Debug|Any CPU
		{114C5F51-2810-4EB6-8148-1ACC97E594BF}.Release|Any CPU.ActiveCfg = Release|Any CPU
		{114C5F51-2810-4EB6-8148-1ACC97E594BF}.Release|Any CPU.Build.0 = Release|Any CPU
	EndGlobalSection
	GlobalSection(SolutionProperties) = preSolution
		HideSolutionNode = FALSE
	EndGlobalSection
	GlobalSection(NestedProjects) = preSolution
		{D5CDA87E-7DE3-4487-A849-8929C155576E} = {FED0D5AA-342A-4669-9BD9-1F22F78C7B1D}
		{114C5F51-2810-4EB6-8148-1ACC97E594BF} = {1D71C1C9-7E28-4089-90C0-FAC6D6FD1AEA}
	EndGlobalSection
	GlobalSection(ExtensibilityGlobals) = postSolution
		SolutionGuid = {A83CBA1E-944B-46D0-BED6-6E981A791ED7}
	EndGlobalSection
EndGlobal
